// !$*UTF8*$!
{
	archiveVersion = 1;
	classes = {
	};
	objectVersion = 50;
	objects = {

/* Begin PBXBuildFile section */
		334A892FE910CE21C049A852 /* Pods_MMQRCodeTests.framework in Frameworks */ = {isa = PBXBuildFile; fileRef = 86643076BD0EEEB8637B21E2 /* Pods_MMQRCodeTests.framework */; };
		6D9027B9D5A61346D6FA768E /* Pods_MMQRCode.framework in Frameworks */ = {isa = PBXBuildFile; fileRef = A7CD702BF37464F758CE57B2 /* Pods_MMQRCode.framework */; };
		B49D173D230D838900AFAFDA /* MQHomeAnimateView.swift in Sources */ = {isa = PBXBuildFile; fileRef = B49D173C230D838900AFAFDA /* MQHomeAnimateView.swift */; };
		B4DD2C77C266B5B78B5E0771 /* Pods_MMQRCodeUITests.framework in Frameworks */ = {isa = PBXBuildFile; fileRef = 1435A3F28CDDF12E5BA5027D /* Pods_MMQRCodeUITests.framework */; };
		DF03619222E8240E000B4C24 /* AppDelegate.swift in Sources */ = {isa = PBXBuildFile; fileRef = DF03619122E8240E000B4C24 /* AppDelegate.swift */; };
		DF03619722E8240E000B4C24 /* Main.storyboard in Resources */ = {isa = PBXBuildFile; fileRef = DF03619522E8240E000B4C24 /* Main.storyboard */; };
		DF03619922E8240F000B4C24 /* Assets.xcassets in Resources */ = {isa = PBXBuildFile; fileRef = DF03619822E8240F000B4C24 /* Assets.xcassets */; };
		DF03619C22E8240F000B4C24 /* LaunchScreen.storyboard in Resources */ = {isa = PBXBuildFile; fileRef = DF03619A22E8240F000B4C24 /* LaunchScreen.storyboard */; };
		DF0361A722E8240F000B4C24 /* MMQRCodeTests.swift in Sources */ = {isa = PBXBuildFile; fileRef = DF0361A622E8240F000B4C24 /* MMQRCodeTests.swift */; };
		DF0361B222E8240F000B4C24 /* MMQRCodeUITests.swift in Sources */ = {isa = PBXBuildFile; fileRef = DF0361B122E8240F000B4C24 /* MMQRCodeUITests.swift */; };
		DF0361C522E82531000B4C24 /* UIKit+Extension.swift in Sources */ = {isa = PBXBuildFile; fileRef = DF0361C322E82531000B4C24 /* UIKit+Extension.swift */; };
		DF0361C622E82531000B4C24 /* UIColor+MM_Extension.swift in Sources */ = {isa = PBXBuildFile; fileRef = DF0361C422E82531000B4C24 /* UIColor+MM_Extension.swift */; };
		DF0361D522E9B511000B4C24 /* MQTabbarController.swift in Sources */ = {isa = PBXBuildFile; fileRef = DF0361D422E9B511000B4C24 /* MQTabbarController.swift */; };
		DF0361D722E9B5E0000B4C24 /* MQBaseNavigationViewController.swift in Sources */ = {isa = PBXBuildFile; fileRef = DF0361D622E9B5E0000B4C24 /* MQBaseNavigationViewController.swift */; };
		DF0361DA22E9B987000B4C24 /* MQBaseViewController.swift in Sources */ = {isa = PBXBuildFile; fileRef = DF0361D922E9B987000B4C24 /* MQBaseViewController.swift */; };
		DF0361DD22E9B9B2000B4C24 /* MQHomeVC.swift in Sources */ = {isa = PBXBuildFile; fileRef = DF0361DC22E9B9B2000B4C24 /* MQHomeVC.swift */; };
		DF0361DF22E9B9DC000B4C24 /* MQHome.storyboard in Resources */ = {isa = PBXBuildFile; fileRef = DF0361DE22E9B9DC000B4C24 /* MQHome.storyboard */; };
		DF0361E222E9BC34000B4C24 /* MQImageLabelCVCell.swift in Sources */ = {isa = PBXBuildFile; fileRef = DF0361E122E9BC34000B4C24 /* MQImageLabelCVCell.swift */; };
		DF0361E422E9C0D0000B4C24 /* MQConstant.swift in Sources */ = {isa = PBXBuildFile; fileRef = DF0361E322E9C0D0000B4C24 /* MQConstant.swift */; };
		DF0361E722EA9894000B4C24 /* MQScanHomeVC.swift in Sources */ = {isa = PBXBuildFile; fileRef = DF0361E622EA9894000B4C24 /* MQScanHomeVC.swift */; };
		DF0361E922EA9A7D000B4C24 /* UIBarButtonItem+MM_Extension.swift in Sources */ = {isa = PBXBuildFile; fileRef = DF0361E822EA9A7D000B4C24 /* UIBarButtonItem+MM_Extension.swift */; };
		DF0361EE22EADEF6000B4C24 /* UIAlert+Extension.swift in Sources */ = {isa = PBXBuildFile; fileRef = DF0361ED22EADEF6000B4C24 /* UIAlert+Extension.swift */; };
		DF0361F022EB1BC5000B4C24 /* MQScanMarkView.swift in Sources */ = {isa = PBXBuildFile; fileRef = DF0361EF22EB1BC5000B4C24 /* MQScanMarkView.swift */; };
		DF1C8BAC2303BE8C00A6125A /* MQScanClickView.swift in Sources */ = {isa = PBXBuildFile; fileRef = DF1C8BAB2303BE8C00A6125A /* MQScanClickView.swift */; };
		DF1C8BAF2303E95B00A6125A /* MQHomeTransitionManager.swift in Sources */ = {isa = PBXBuildFile; fileRef = DF1C8BAE2303E95B00A6125A /* MQHomeTransitionManager.swift */; };
		DF1C8BB12303E98D00A6125A /* MQHomeTransitionAnimated.swift in Sources */ = {isa = PBXBuildFile; fileRef = DF1C8BB02303E98D00A6125A /* MQHomeTransitionAnimated.swift */; };
		DF1C8BB42304253000A6125A /* MQAuthorization.swift in Sources */ = {isa = PBXBuildFile; fileRef = DF1C8BB32304253000A6125A /* MQAuthorization.swift */; };
		DF1C8BD82305282100A6125A /* MQGenerateInputVC.swift in Sources */ = {isa = PBXBuildFile; fileRef = DF1C8BD72305282100A6125A /* MQGenerateInputVC.swift */; };
		DF1C8BDA23052EF600A6125A /* MQGenerateTool.swift in Sources */ = {isa = PBXBuildFile; fileRef = DF1C8BD923052EF600A6125A /* MQGenerateTool.swift */; };
		DF1C8BDC230532E700A6125A /* MQShowQRCodeVC.swift in Sources */ = {isa = PBXBuildFile; fileRef = DF1C8BDB230532E700A6125A /* MQShowQRCodeVC.swift */; };
		DF1C8BDF23056AB400A6125A /* UIImage+MM_Extension.swift in Sources */ = {isa = PBXBuildFile; fileRef = DF1C8BDE23056AB400A6125A /* UIImage+MM_Extension.swift */; };
		DF1C8CB02306ABE300A6125A /* MQLoadingView.swift in Sources */ = {isa = PBXBuildFile; fileRef = DF1C8CAF2306ABE300A6125A /* MQLoadingView.swift */; };
		DF1C8CB22306ABF200A6125A /* MQLoadingView.xib in Resources */ = {isa = PBXBuildFile; fileRef = DF1C8CB12306ABF200A6125A /* MQLoadingView.xib */; };
		DF1C8CB72306C31B00A6125A /* MQFileManager.swift in Sources */ = {isa = PBXBuildFile; fileRef = DF1C8CB62306C31B00A6125A /* MQFileManager.swift */; };
		DF2DA56522FD4E57009AFB3A /* MQThroughScrollView.swift in Sources */ = {isa = PBXBuildFile; fileRef = DF2DA56422FD4E57009AFB3A /* MQThroughScrollView.swift */; };
		DF47EED022EEE7CB006EA435 /* UIViewController+Extension.swift in Sources */ = {isa = PBXBuildFile; fileRef = DF47EECF22EEE7CB006EA435 /* UIViewController+Extension.swift */; };
		DF47EED222EEEEEF006EA435 /* MQScanResultVC.swift in Sources */ = {isa = PBXBuildFile; fileRef = DF47EED122EEEEEF006EA435 /* MQScanResultVC.swift */; };
		DF47EED622EF0C0C006EA435 /* MQScanTool.swift in Sources */ = {isa = PBXBuildFile; fileRef = DF47EED522EF0C0C006EA435 /* MQScanTool.swift */; };
		DF515F5E22F403F70012FFFC /* MQWKWebCV.swift in Sources */ = {isa = PBXBuildFile; fileRef = DF515F5D22F403F70012FFFC /* MQWKWebCV.swift */; };
		DF515F6122F40C370012FFFC /* MQRouter.swift in Sources */ = {isa = PBXBuildFile; fileRef = DF515F6022F40C370012FFFC /* MQRouter.swift */; };
		DF515F6422F45BF40012FFFC /* MQToastView.swift in Sources */ = {isa = PBXBuildFile; fileRef = DF515F6322F45BF40012FFFC /* MQToastView.swift */; };
		DFF6B9A022F7D126008423C2 /* UIView+Extension.swift in Sources */ = {isa = PBXBuildFile; fileRef = DFF6B99F22F7D126008423C2 /* UIView+Extension.swift */; };
		DFF6B9A222F7D8B2008423C2 /* DispatchTime+MM_Extension.swift in Sources */ = {isa = PBXBuildFile; fileRef = DFF6B9A122F7D8B2008423C2 /* DispatchTime+MM_Extension.swift */; };
		DFF6B9A522F83D18008423C2 /* MQHistoryVC.swift in Sources */ = {isa = PBXBuildFile; fileRef = DFF6B9A422F83D18008423C2 /* MQHistoryVC.swift */; };
		DFF6B9A722F842E9008423C2 /* MQHistoryVC.storyboard in Resources */ = {isa = PBXBuildFile; fileRef = DFF6B9A622F842E9008423C2 /* MQHistoryVC.storyboard */; };
		DFF6B9AA22F9740A008423C2 /* MQHistoryViewModel.swift in Sources */ = {isa = PBXBuildFile; fileRef = DFF6B9A922F9740A008423C2 /* MQHistoryViewModel.swift */; };
		DFF6B9AC22F97A2C008423C2 /* MQHistoryModel.swift in Sources */ = {isa = PBXBuildFile; fileRef = DFF6B9AB22F97A2C008423C2 /* MQHistoryModel.swift */; };
		DFF6B9B022F999DD008423C2 /* MQHistoryTVCell.swift in Sources */ = {isa = PBXBuildFile; fileRef = DFF6B9AE22F999DD008423C2 /* MQHistoryTVCell.swift */; };
		DFF6B9B122F999DD008423C2 /* MQHistoryTVCell.xib in Resources */ = {isa = PBXBuildFile; fileRef = DFF6B9AF22F999DD008423C2 /* MQHistoryTVCell.xib */; };
		DFF6B9B322F9A190008423C2 /* NSDate+MM_Extension.swift in Sources */ = {isa = PBXBuildFile; fileRef = DFF6B9B222F9A190008423C2 /* NSDate+MM_Extension.swift */; };
		DFF6B9B622FA7534008423C2 /* MQDBManager.swift in Sources */ = {isa = PBXBuildFile; fileRef = DFF6B9B522FA7534008423C2 /* MQDBManager.swift */; };
		DFF6B9B822FA9BDE008423C2 /* MQScanResultTool.swift in Sources */ = {isa = PBXBuildFile; fileRef = DFF6B9B722FA9BDE008423C2 /* MQScanResultTool.swift */; };
/* End PBXBuildFile section */

/* Begin PBXContainerItemProxy section */
		DF0361A322E8240F000B4C24 /* PBXContainerItemProxy */ = {
			isa = PBXContainerItemProxy;
			containerPortal = DF03618622E8240E000B4C24 /* Project object */;
			proxyType = 1;
			remoteGlobalIDString = DF03618D22E8240E000B4C24;
			remoteInfo = MMQRCode;
		};
		DF0361AE22E8240F000B4C24 /* PBXContainerItemProxy */ = {
			isa = PBXContainerItemProxy;
			containerPortal = DF03618622E8240E000B4C24 /* Project object */;
			proxyType = 1;
			remoteGlobalIDString = DF03618D22E8240E000B4C24;
			remoteInfo = MMQRCode;
		};
/* End PBXContainerItemProxy section */

/* Begin PBXFileReference section */
		1435A3F28CDDF12E5BA5027D /* Pods_MMQRCodeUITests.framework */ = {isa = PBXFileReference; explicitFileType = wrapper.framework; includeInIndex = 0; path = Pods_MMQRCodeUITests.framework; sourceTree = BUILT_PRODUCTS_DIR; };
		266365048CA0FCA0E6E761EB /* Pods-MMQRCode.debug.xcconfig */ = {isa = PBXFileReference; includeInIndex = 1; lastKnownFileType = text.xcconfig; name = "Pods-MMQRCode.debug.xcconfig"; path = "Pods/Target Support Files/Pods-MMQRCode/Pods-MMQRCode.debug.xcconfig"; sourceTree = "<group>"; };
		4FD31B687E25FA1787DC723A /* Pods-MMQRCode.release.xcconfig */ = {isa = PBXFileReference; includeInIndex = 1; lastKnownFileType = text.xcconfig; name = "Pods-MMQRCode.release.xcconfig"; path = "Pods/Target Support Files/Pods-MMQRCode/Pods-MMQRCode.release.xcconfig"; sourceTree = "<group>"; };
		86643076BD0EEEB8637B21E2 /* Pods_MMQRCodeTests.framework */ = {isa = PBXFileReference; explicitFileType = wrapper.framework; includeInIndex = 0; path = Pods_MMQRCodeTests.framework; sourceTree = BUILT_PRODUCTS_DIR; };
		A7CD702BF37464F758CE57B2 /* Pods_MMQRCode.framework */ = {isa = PBXFileReference; explicitFileType = wrapper.framework; includeInIndex = 0; path = Pods_MMQRCode.framework; sourceTree = BUILT_PRODUCTS_DIR; };
		B49D173C230D838900AFAFDA /* MQHomeAnimateView.swift */ = {isa = PBXFileReference; lastKnownFileType = sourcecode.swift; path = MQHomeAnimateView.swift; sourceTree = "<group>"; };
		C82C56921FE65A0A80E0449D /* Pods-MMQRCodeTests.release.xcconfig */ = {isa = PBXFileReference; includeInIndex = 1; lastKnownFileType = text.xcconfig; name = "Pods-MMQRCodeTests.release.xcconfig"; path = "Pods/Target Support Files/Pods-MMQRCodeTests/Pods-MMQRCodeTests.release.xcconfig"; sourceTree = "<group>"; };
		D98646CCAAB331BE0B78A9E7 /* Pods-MMQRCodeUITests.release.xcconfig */ = {isa = PBXFileReference; includeInIndex = 1; lastKnownFileType = text.xcconfig; name = "Pods-MMQRCodeUITests.release.xcconfig"; path = "Pods/Target Support Files/Pods-MMQRCodeUITests/Pods-MMQRCodeUITests.release.xcconfig"; sourceTree = "<group>"; };
		DD9E4483A6A7741F614E6138 /* Pods-MMQRCodeUITests.debug.xcconfig */ = {isa = PBXFileReference; includeInIndex = 1; lastKnownFileType = text.xcconfig; name = "Pods-MMQRCodeUITests.debug.xcconfig"; path = "Pods/Target Support Files/Pods-MMQRCodeUITests/Pods-MMQRCodeUITests.debug.xcconfig"; sourceTree = "<group>"; };
		DF03618E22E8240E000B4C24 /* MMQRCode.app */ = {isa = PBXFileReference; explicitFileType = wrapper.application; includeInIndex = 0; path = MMQRCode.app; sourceTree = BUILT_PRODUCTS_DIR; };
		DF03619122E8240E000B4C24 /* AppDelegate.swift */ = {isa = PBXFileReference; lastKnownFileType = sourcecode.swift; path = AppDelegate.swift; sourceTree = "<group>"; };
		DF03619622E8240E000B4C24 /* Base */ = {isa = PBXFileReference; lastKnownFileType = file.storyboard; name = Base; path = Base.lproj/Main.storyboard; sourceTree = "<group>"; };
		DF03619822E8240F000B4C24 /* Assets.xcassets */ = {isa = PBXFileReference; lastKnownFileType = folder.assetcatalog; path = Assets.xcassets; sourceTree = "<group>"; };
		DF03619B22E8240F000B4C24 /* Base */ = {isa = PBXFileReference; lastKnownFileType = file.storyboard; name = Base; path = Base.lproj/LaunchScreen.storyboard; sourceTree = "<group>"; };
		DF03619D22E8240F000B4C24 /* Info.plist */ = {isa = PBXFileReference; lastKnownFileType = text.plist.xml; path = Info.plist; sourceTree = "<group>"; };
		DF0361A222E8240F000B4C24 /* MMQRCodeTests.xctest */ = {isa = PBXFileReference; explicitFileType = wrapper.cfbundle; includeInIndex = 0; path = MMQRCodeTests.xctest; sourceTree = BUILT_PRODUCTS_DIR; };
		DF0361A622E8240F000B4C24 /* MMQRCodeTests.swift */ = {isa = PBXFileReference; lastKnownFileType = sourcecode.swift; path = MMQRCodeTests.swift; sourceTree = "<group>"; };
		DF0361A822E8240F000B4C24 /* Info.plist */ = {isa = PBXFileReference; lastKnownFileType = text.plist.xml; path = Info.plist; sourceTree = "<group>"; };
		DF0361AD22E8240F000B4C24 /* MMQRCodeUITests.xctest */ = {isa = PBXFileReference; explicitFileType = wrapper.cfbundle; includeInIndex = 0; path = MMQRCodeUITests.xctest; sourceTree = BUILT_PRODUCTS_DIR; };
		DF0361B122E8240F000B4C24 /* MMQRCodeUITests.swift */ = {isa = PBXFileReference; lastKnownFileType = sourcecode.swift; path = MMQRCodeUITests.swift; sourceTree = "<group>"; };
		DF0361B322E8240F000B4C24 /* Info.plist */ = {isa = PBXFileReference; lastKnownFileType = text.plist.xml; path = Info.plist; sourceTree = "<group>"; };
		DF0361C322E82531000B4C24 /* UIKit+Extension.swift */ = {isa = PBXFileReference; fileEncoding = 4; lastKnownFileType = sourcecode.swift; path = "UIKit+Extension.swift"; sourceTree = "<group>"; };
		DF0361C422E82531000B4C24 /* UIColor+MM_Extension.swift */ = {isa = PBXFileReference; fileEncoding = 4; lastKnownFileType = sourcecode.swift; path = "UIColor+MM_Extension.swift"; sourceTree = "<group>"; };
		DF0361D422E9B511000B4C24 /* MQTabbarController.swift */ = {isa = PBXFileReference; lastKnownFileType = sourcecode.swift; path = MQTabbarController.swift; sourceTree = "<group>"; };
		DF0361D622E9B5E0000B4C24 /* MQBaseNavigationViewController.swift */ = {isa = PBXFileReference; lastKnownFileType = sourcecode.swift; path = MQBaseNavigationViewController.swift; sourceTree = "<group>"; };
		DF0361D922E9B987000B4C24 /* MQBaseViewController.swift */ = {isa = PBXFileReference; lastKnownFileType = sourcecode.swift; path = MQBaseViewController.swift; sourceTree = "<group>"; };
		DF0361DC22E9B9B2000B4C24 /* MQHomeVC.swift */ = {isa = PBXFileReference; lastKnownFileType = sourcecode.swift; path = MQHomeVC.swift; sourceTree = "<group>"; };
		DF0361DE22E9B9DC000B4C24 /* MQHome.storyboard */ = {isa = PBXFileReference; lastKnownFileType = file.storyboard; path = MQHome.storyboard; sourceTree = "<group>"; };
		DF0361E122E9BC34000B4C24 /* MQImageLabelCVCell.swift */ = {isa = PBXFileReference; lastKnownFileType = sourcecode.swift; path = MQImageLabelCVCell.swift; sourceTree = "<group>"; };
		DF0361E322E9C0D0000B4C24 /* MQConstant.swift */ = {isa = PBXFileReference; lastKnownFileType = sourcecode.swift; path = MQConstant.swift; sourceTree = "<group>"; };
		DF0361E622EA9894000B4C24 /* MQScanHomeVC.swift */ = {isa = PBXFileReference; lastKnownFileType = sourcecode.swift; path = MQScanHomeVC.swift; sourceTree = "<group>"; };
		DF0361E822EA9A7D000B4C24 /* UIBarButtonItem+MM_Extension.swift */ = {isa = PBXFileReference; lastKnownFileType = sourcecode.swift; path = "UIBarButtonItem+MM_Extension.swift"; sourceTree = "<group>"; };
		DF0361ED22EADEF6000B4C24 /* UIAlert+Extension.swift */ = {isa = PBXFileReference; lastKnownFileType = sourcecode.swift; path = "UIAlert+Extension.swift"; sourceTree = "<group>"; };
		DF0361EF22EB1BC5000B4C24 /* MQScanMarkView.swift */ = {isa = PBXFileReference; lastKnownFileType = sourcecode.swift; path = MQScanMarkView.swift; sourceTree = "<group>"; };
		DF1C8BAB2303BE8C00A6125A /* MQScanClickView.swift */ = {isa = PBXFileReference; lastKnownFileType = sourcecode.swift; path = MQScanClickView.swift; sourceTree = "<group>"; };
		DF1C8BAE2303E95B00A6125A /* MQHomeTransitionManager.swift */ = {isa = PBXFileReference; lastKnownFileType = sourcecode.swift; path = MQHomeTransitionManager.swift; sourceTree = "<group>"; };
		DF1C8BB02303E98D00A6125A /* MQHomeTransitionAnimated.swift */ = {isa = PBXFileReference; lastKnownFileType = sourcecode.swift; path = MQHomeTransitionAnimated.swift; sourceTree = "<group>"; };
		DF1C8BB32304253000A6125A /* MQAuthorization.swift */ = {isa = PBXFileReference; lastKnownFileType = sourcecode.swift; path = MQAuthorization.swift; sourceTree = "<group>"; };
		DF1C8BD72305282100A6125A /* MQGenerateInputVC.swift */ = {isa = PBXFileReference; lastKnownFileType = sourcecode.swift; path = MQGenerateInputVC.swift; sourceTree = "<group>"; };
		DF1C8BD923052EF600A6125A /* MQGenerateTool.swift */ = {isa = PBXFileReference; lastKnownFileType = sourcecode.swift; path = MQGenerateTool.swift; sourceTree = "<group>"; };
		DF1C8BDB230532E700A6125A /* MQShowQRCodeVC.swift */ = {isa = PBXFileReference; lastKnownFileType = sourcecode.swift; path = MQShowQRCodeVC.swift; sourceTree = "<group>"; };
		DF1C8BDE23056AB400A6125A /* UIImage+MM_Extension.swift */ = {isa = PBXFileReference; lastKnownFileType = sourcecode.swift; path = "UIImage+MM_Extension.swift"; sourceTree = "<group>"; };
		DF1C8CAF2306ABE300A6125A /* MQLoadingView.swift */ = {isa = PBXFileReference; lastKnownFileType = sourcecode.swift; path = MQLoadingView.swift; sourceTree = "<group>"; };
		DF1C8CB12306ABF200A6125A /* MQLoadingView.xib */ = {isa = PBXFileReference; lastKnownFileType = file.xib; path = MQLoadingView.xib; sourceTree = "<group>"; };
		DF1C8CB62306C31B00A6125A /* MQFileManager.swift */ = {isa = PBXFileReference; lastKnownFileType = sourcecode.swift; path = MQFileManager.swift; sourceTree = "<group>"; };
		DF2DA56422FD4E57009AFB3A /* MQThroughScrollView.swift */ = {isa = PBXFileReference; lastKnownFileType = sourcecode.swift; path = MQThroughScrollView.swift; sourceTree = "<group>"; };
		DF34922F2302A03B00F9914F /* zh-Hant */ = {isa = PBXFileReference; lastKnownFileType = text.plist.strings; name = "zh-Hant"; path = "zh-Hant.lproj/Main.strings"; sourceTree = "<group>"; };
		DF3492302302A03B00F9914F /* zh-Hant */ = {isa = PBXFileReference; lastKnownFileType = text.plist.strings; name = "zh-Hant"; path = "zh-Hant.lproj/LaunchScreen.strings"; sourceTree = "<group>"; };
		DF47EECF22EEE7CB006EA435 /* UIViewController+Extension.swift */ = {isa = PBXFileReference; lastKnownFileType = sourcecode.swift; path = "UIViewController+Extension.swift"; sourceTree = "<group>"; };
		DF47EED122EEEEEF006EA435 /* MQScanResultVC.swift */ = {isa = PBXFileReference; lastKnownFileType = sourcecode.swift; path = MQScanResultVC.swift; sourceTree = "<group>"; };
		DF47EED522EF0C0C006EA435 /* MQScanTool.swift */ = {isa = PBXFileReference; lastKnownFileType = sourcecode.swift; path = MQScanTool.swift; sourceTree = "<group>"; };
		DF515F5D22F403F70012FFFC /* MQWKWebCV.swift */ = {isa = PBXFileReference; lastKnownFileType = sourcecode.swift; path = MQWKWebCV.swift; sourceTree = "<group>"; };
		DF515F6022F40C370012FFFC /* MQRouter.swift */ = {isa = PBXFileReference; lastKnownFileType = sourcecode.swift; path = MQRouter.swift; sourceTree = "<group>"; };
		DF515F6322F45BF40012FFFC /* MQToastView.swift */ = {isa = PBXFileReference; lastKnownFileType = sourcecode.swift; path = MQToastView.swift; sourceTree = "<group>"; };
		DFF6B99F22F7D126008423C2 /* UIView+Extension.swift */ = {isa = PBXFileReference; lastKnownFileType = sourcecode.swift; path = "UIView+Extension.swift"; sourceTree = "<group>"; };
		DFF6B9A122F7D8B2008423C2 /* DispatchTime+MM_Extension.swift */ = {isa = PBXFileReference; lastKnownFileType = sourcecode.swift; path = "DispatchTime+MM_Extension.swift"; sourceTree = "<group>"; };
		DFF6B9A422F83D18008423C2 /* MQHistoryVC.swift */ = {isa = PBXFileReference; lastKnownFileType = sourcecode.swift; path = MQHistoryVC.swift; sourceTree = "<group>"; };
		DFF6B9A622F842E9008423C2 /* MQHistoryVC.storyboard */ = {isa = PBXFileReference; fileEncoding = 4; lastKnownFileType = file.storyboard; path = MQHistoryVC.storyboard; sourceTree = "<group>"; };
		DFF6B9A922F9740A008423C2 /* MQHistoryViewModel.swift */ = {isa = PBXFileReference; lastKnownFileType = sourcecode.swift; path = MQHistoryViewModel.swift; sourceTree = "<group>"; };
		DFF6B9AB22F97A2C008423C2 /* MQHistoryModel.swift */ = {isa = PBXFileReference; lastKnownFileType = sourcecode.swift; path = MQHistoryModel.swift; sourceTree = "<group>"; };
		DFF6B9AE22F999DD008423C2 /* MQHistoryTVCell.swift */ = {isa = PBXFileReference; lastKnownFileType = sourcecode.swift; path = MQHistoryTVCell.swift; sourceTree = "<group>"; };
		DFF6B9AF22F999DD008423C2 /* MQHistoryTVCell.xib */ = {isa = PBXFileReference; lastKnownFileType = file.xib; path = MQHistoryTVCell.xib; sourceTree = "<group>"; };
		DFF6B9B222F9A190008423C2 /* NSDate+MM_Extension.swift */ = {isa = PBXFileReference; lastKnownFileType = sourcecode.swift; path = "NSDate+MM_Extension.swift"; sourceTree = "<group>"; };
		DFF6B9B522FA7534008423C2 /* MQDBManager.swift */ = {isa = PBXFileReference; lastKnownFileType = sourcecode.swift; path = MQDBManager.swift; sourceTree = "<group>"; };
		DFF6B9B722FA9BDE008423C2 /* MQScanResultTool.swift */ = {isa = PBXFileReference; lastKnownFileType = sourcecode.swift; path = MQScanResultTool.swift; sourceTree = "<group>"; };
		ED8612A8D85CB862A6B1D9BB /* Pods-MMQRCodeTests.debug.xcconfig */ = {isa = PBXFileReference; includeInIndex = 1; lastKnownFileType = text.xcconfig; name = "Pods-MMQRCodeTests.debug.xcconfig"; path = "Pods/Target Support Files/Pods-MMQRCodeTests/Pods-MMQRCodeTests.debug.xcconfig"; sourceTree = "<group>"; };
/* End PBXFileReference section */

/* Begin PBXFrameworksBuildPhase section */
		DF03618B22E8240E000B4C24 /* Frameworks */ = {
			isa = PBXFrameworksBuildPhase;
			buildActionMask = 2147483647;
			files = (
				6D9027B9D5A61346D6FA768E /* Pods_MMQRCode.framework in Frameworks */,
			);
			runOnlyForDeploymentPostprocessing = 0;
		};
		DF03619F22E8240F000B4C24 /* Frameworks */ = {
			isa = PBXFrameworksBuildPhase;
			buildActionMask = 2147483647;
			files = (
				334A892FE910CE21C049A852 /* Pods_MMQRCodeTests.framework in Frameworks */,
			);
			runOnlyForDeploymentPostprocessing = 0;
		};
		DF0361AA22E8240F000B4C24 /* Frameworks */ = {
			isa = PBXFrameworksBuildPhase;
			buildActionMask = 2147483647;
			files = (
				B4DD2C77C266B5B78B5E0771 /* Pods_MMQRCodeUITests.framework in Frameworks */,
			);
			runOnlyForDeploymentPostprocessing = 0;
		};
/* End PBXFrameworksBuildPhase section */

/* Begin PBXGroup section */
		11EF719CDADCE060EA9ABEF2 /* Pods */ = {
			isa = PBXGroup;
			children = (
				266365048CA0FCA0E6E761EB /* Pods-MMQRCode.debug.xcconfig */,
				4FD31B687E25FA1787DC723A /* Pods-MMQRCode.release.xcconfig */,
				ED8612A8D85CB862A6B1D9BB /* Pods-MMQRCodeTests.debug.xcconfig */,
				C82C56921FE65A0A80E0449D /* Pods-MMQRCodeTests.release.xcconfig */,
				DD9E4483A6A7741F614E6138 /* Pods-MMQRCodeUITests.debug.xcconfig */,
				D98646CCAAB331BE0B78A9E7 /* Pods-MMQRCodeUITests.release.xcconfig */,
			);
			name = Pods;
			sourceTree = "<group>";
		};
		B15CAD6C721061BE98C921B9 /* Frameworks */ = {
			isa = PBXGroup;
			children = (
				A7CD702BF37464F758CE57B2 /* Pods_MMQRCode.framework */,
				86643076BD0EEEB8637B21E2 /* Pods_MMQRCodeTests.framework */,
				1435A3F28CDDF12E5BA5027D /* Pods_MMQRCodeUITests.framework */,
			);
			name = Frameworks;
			sourceTree = "<group>";
		};
		DF03618522E8240E000B4C24 = {
			isa = PBXGroup;
			children = (
				DF03619022E8240E000B4C24 /* MMQRCode */,
				DF0361A522E8240F000B4C24 /* MMQRCodeTests */,
				DF0361B022E8240F000B4C24 /* MMQRCodeUITests */,
				DF03618F22E8240E000B4C24 /* Products */,
				11EF719CDADCE060EA9ABEF2 /* Pods */,
				B15CAD6C721061BE98C921B9 /* Frameworks */,
			);
			sourceTree = "<group>";
		};
		DF03618F22E8240E000B4C24 /* Products */ = {
			isa = PBXGroup;
			children = (
				DF03618E22E8240E000B4C24 /* MMQRCode.app */,
				DF0361A222E8240F000B4C24 /* MMQRCodeTests.xctest */,
				DF0361AD22E8240F000B4C24 /* MMQRCodeUITests.xctest */,
			);
			name = Products;
			sourceTree = "<group>";
		};
		DF03619022E8240E000B4C24 /* MMQRCode */ = {
			isa = PBXGroup;
			children = (
				DF0361C122E82531000B4C24 /* Class */,
				DF03619122E8240E000B4C24 /* AppDelegate.swift */,
				DF03619522E8240E000B4C24 /* Main.storyboard */,
				DF03619822E8240F000B4C24 /* Assets.xcassets */,
				DF03619A22E8240F000B4C24 /* LaunchScreen.storyboard */,
				DF03619D22E8240F000B4C24 /* Info.plist */,
			);
			path = MMQRCode;
			sourceTree = "<group>";
		};
		DF0361A522E8240F000B4C24 /* MMQRCodeTests */ = {
			isa = PBXGroup;
			children = (
				DF0361A622E8240F000B4C24 /* MMQRCodeTests.swift */,
				DF0361A822E8240F000B4C24 /* Info.plist */,
			);
			path = MMQRCodeTests;
			sourceTree = "<group>";
		};
		DF0361B022E8240F000B4C24 /* MMQRCodeUITests */ = {
			isa = PBXGroup;
			children = (
				DF0361B122E8240F000B4C24 /* MMQRCodeUITests.swift */,
				DF0361B322E8240F000B4C24 /* Info.plist */,
			);
			path = MMQRCodeUITests;
			sourceTree = "<group>";
		};
		DF0361C122E82531000B4C24 /* Class */ = {
			isa = PBXGroup;
			children = (
				DF0361EC22EADEBD000B4C24 /* Component */,
				DF0361EA22EAA810000B4C24 /* Common */,
				DF0361D822E9B956000B4C24 /* Home */,
				DF0361D222E9B493000B4C24 /* Main */,
				DF0361C222E82531000B4C24 /* Extension */,
			);
			path = Class;
			sourceTree = "<group>";
		};
		DF0361C222E82531000B4C24 /* Extension */ = {
			isa = PBXGroup;
			children = (
				DF0361ED22EADEF6000B4C24 /* UIAlert+Extension.swift */,
				DF0361C322E82531000B4C24 /* UIKit+Extension.swift */,
				DF0361C422E82531000B4C24 /* UIColor+MM_Extension.swift */,
				DF0361E822EA9A7D000B4C24 /* UIBarButtonItem+MM_Extension.swift */,
				DF47EECF22EEE7CB006EA435 /* UIViewController+Extension.swift */,
				DFF6B99F22F7D126008423C2 /* UIView+Extension.swift */,
				DFF6B9A122F7D8B2008423C2 /* DispatchTime+MM_Extension.swift */,
				DFF6B9B222F9A190008423C2 /* NSDate+MM_Extension.swift */,
				DF1C8BDE23056AB400A6125A /* UIImage+MM_Extension.swift */,
			);
			path = Extension;
			sourceTree = "<group>";
		};
		DF0361D222E9B493000B4C24 /* Main */ = {
			isa = PBXGroup;
			children = (
				DF0361D322E9B49E000B4C24 /* Base */,
			);
			path = Main;
			sourceTree = "<group>";
		};
		DF0361D322E9B49E000B4C24 /* Base */ = {
			isa = PBXGroup;
			children = (
				DF0361D422E9B511000B4C24 /* MQTabbarController.swift */,
				DF0361D622E9B5E0000B4C24 /* MQBaseNavigationViewController.swift */,
				DF0361D922E9B987000B4C24 /* MQBaseViewController.swift */,
			);
			path = Base;
			sourceTree = "<group>";
		};
		DF0361D822E9B956000B4C24 /* Home */ = {
			isa = PBXGroup;
			children = (
				DF1C8BD6230527F700A6125A /* Generate */,
				DF1C8BAD2303E94200A6125A /* Tranistion */,
				DFF6B9A322F83C77008423C2 /* History */,
				DF0361E522EA8F00000B4C24 /* Scan */,
				DF0361E022E9BC15000B4C24 /* View */,
				DF0361DB22E9B98E000B4C24 /* Controller */,
				DF0361DE22E9B9DC000B4C24 /* MQHome.storyboard */,
			);
			path = Home;
			sourceTree = "<group>";
		};
		DF0361DB22E9B98E000B4C24 /* Controller */ = {
			isa = PBXGroup;
			children = (
				DF0361DC22E9B9B2000B4C24 /* MQHomeVC.swift */,
			);
			path = Controller;
			sourceTree = "<group>";
		};
		DF0361E022E9BC15000B4C24 /* View */ = {
			isa = PBXGroup;
			children = (
				DF1C8BAB2303BE8C00A6125A /* MQScanClickView.swift */,
				DF0361E122E9BC34000B4C24 /* MQImageLabelCVCell.swift */,
				B49D173C230D838900AFAFDA /* MQHomeAnimateView.swift */,
			);
			path = View;
			sourceTree = "<group>";
		};
		DF0361E522EA8F00000B4C24 /* Scan */ = {
			isa = PBXGroup;
			children = (
				DF47EED422EEFDB2006EA435 /* Tool */,
				DF47EED322EEEEFA006EA435 /* View */,
				DF0361E622EA9894000B4C24 /* MQScanHomeVC.swift */,
				DF47EED122EEEEEF006EA435 /* MQScanResultVC.swift */,
			);
			path = Scan;
			sourceTree = "<group>";
		};
		DF0361EA22EAA810000B4C24 /* Common */ = {
			isa = PBXGroup;
			children = (
				DF0361EB22EAA819000B4C24 /* Constant */,
			);
			path = Common;
			sourceTree = "<group>";
		};
		DF0361EB22EAA819000B4C24 /* Constant */ = {
			isa = PBXGroup;
			children = (
				DF0361E322E9C0D0000B4C24 /* MQConstant.swift */,
			);
			path = Constant;
			sourceTree = "<group>";
		};
		DF0361EC22EADEBD000B4C24 /* Component */ = {
			isa = PBXGroup;
			children = (
				DF1C8CB82306C32200A6125A /* FileManager */,
				DF1C8CAE2306ABCA00A6125A /* Loading */,
				DF1C8BB22304250300A6125A /* Authorization */,
				DFF6B9B422FA751F008423C2 /* MQDB */,
				DF515F6222F45BC90012FFFC /* Toast */,
				DF515F5F22F40BE70012FFFC /* Router */,
				DF515F5C22F403960012FFFC /* WebVC */,
				DF2DA56422FD4E57009AFB3A /* MQThroughScrollView.swift */,
			);
			path = Component;
			sourceTree = "<group>";
		};
		DF1C8BAD2303E94200A6125A /* Tranistion */ = {
			isa = PBXGroup;
			children = (
				DF1C8BAE2303E95B00A6125A /* MQHomeTransitionManager.swift */,
				DF1C8BB02303E98D00A6125A /* MQHomeTransitionAnimated.swift */,
			);
			path = Tranistion;
			sourceTree = "<group>";
		};
		DF1C8BB22304250300A6125A /* Authorization */ = {
			isa = PBXGroup;
			children = (
				DF1C8BB32304253000A6125A /* MQAuthorization.swift */,
			);
			path = Authorization;
			sourceTree = "<group>";
		};
		DF1C8BD6230527F700A6125A /* Generate */ = {
			isa = PBXGroup;
			children = (
				DF1C8BDD23053B3200A6125A /* Tool */,
				DF1C8BD72305282100A6125A /* MQGenerateInputVC.swift */,
				DF1C8BDB230532E700A6125A /* MQShowQRCodeVC.swift */,
			);
			path = Generate;
			sourceTree = "<group>";
		};
		DF1C8BDD23053B3200A6125A /* Tool */ = {
			isa = PBXGroup;
			children = (
				DF1C8BD923052EF600A6125A /* MQGenerateTool.swift */,
			);
			path = Tool;
			sourceTree = "<group>";
		};
		DF1C8CAE2306ABCA00A6125A /* Loading */ = {
			isa = PBXGroup;
			children = (
				DF1C8CAF2306ABE300A6125A /* MQLoadingView.swift */,
				DF1C8CB12306ABF200A6125A /* MQLoadingView.xib */,
			);
			path = Loading;
			sourceTree = "<group>";
		};
		DF1C8CB82306C32200A6125A /* FileManager */ = {
			isa = PBXGroup;
			children = (
				DF1C8CB62306C31B00A6125A /* MQFileManager.swift */,
			);
			path = FileManager;
			sourceTree = "<group>";
		};
		DF47EED322EEEEFA006EA435 /* View */ = {
			isa = PBXGroup;
			children = (
				DF0361EF22EB1BC5000B4C24 /* MQScanMarkView.swift */,
			);
			path = View;
			sourceTree = "<group>";
		};
		DF47EED422EEFDB2006EA435 /* Tool */ = {
			isa = PBXGroup;
			children = (
				DF47EED522EF0C0C006EA435 /* MQScanTool.swift */,
				DFF6B9B722FA9BDE008423C2 /* MQScanResultTool.swift */,
			);
			path = Tool;
			sourceTree = "<group>";
		};
		DF515F5C22F403960012FFFC /* WebVC */ = {
			isa = PBXGroup;
			children = (
				DF515F5D22F403F70012FFFC /* MQWKWebCV.swift */,
			);
			path = WebVC;
			sourceTree = "<group>";
		};
		DF515F5F22F40BE70012FFFC /* Router */ = {
			isa = PBXGroup;
			children = (
				DF515F6022F40C370012FFFC /* MQRouter.swift */,
			);
			path = Router;
			sourceTree = "<group>";
		};
		DF515F6222F45BC90012FFFC /* Toast */ = {
			isa = PBXGroup;
			children = (
				DF515F6322F45BF40012FFFC /* MQToastView.swift */,
			);
			path = Toast;
			sourceTree = "<group>";
		};
		DFF6B9A322F83C77008423C2 /* History */ = {
			isa = PBXGroup;
			children = (
				DFF6B9AD22F999BE008423C2 /* View */,
				DFF6B9A822F973EE008423C2 /* ViewModel */,
				DFF6B9A622F842E9008423C2 /* MQHistoryVC.storyboard */,
				DFF6B9A422F83D18008423C2 /* MQHistoryVC.swift */,
			);
			path = History;
			sourceTree = "<group>";
		};
		DFF6B9A822F973EE008423C2 /* ViewModel */ = {
			isa = PBXGroup;
			children = (
				DFF6B9A922F9740A008423C2 /* MQHistoryViewModel.swift */,
				DFF6B9AB22F97A2C008423C2 /* MQHistoryModel.swift */,
			);
			path = ViewModel;
			sourceTree = "<group>";
		};
		DFF6B9AD22F999BE008423C2 /* View */ = {
			isa = PBXGroup;
			children = (
				DFF6B9AE22F999DD008423C2 /* MQHistoryTVCell.swift */,
				DFF6B9AF22F999DD008423C2 /* MQHistoryTVCell.xib */,
			);
			path = View;
			sourceTree = "<group>";
		};
		DFF6B9B422FA751F008423C2 /* MQDB */ = {
			isa = PBXGroup;
			children = (
				DFF6B9B522FA7534008423C2 /* MQDBManager.swift */,
			);
			path = MQDB;
			sourceTree = "<group>";
		};
/* End PBXGroup section */

/* Begin PBXNativeTarget section */
		DF03618D22E8240E000B4C24 /* MMQRCode */ = {
			isa = PBXNativeTarget;
			buildConfigurationList = DF0361B622E8240F000B4C24 /* Build configuration list for PBXNativeTarget "MMQRCode" */;
			buildPhases = (
				26703ECC46BF0DF4DCB485AE /* [CP] Check Pods Manifest.lock */,
				DF03618A22E8240E000B4C24 /* Sources */,
				DF03618B22E8240E000B4C24 /* Frameworks */,
				DF03618C22E8240E000B4C24 /* Resources */,
				1824F485F7313585C9792FBC /* [CP] Embed Pods Frameworks */,
			);
			buildRules = (
			);
			dependencies = (
			);
			name = MMQRCode;
			productName = MMQRCode;
			productReference = DF03618E22E8240E000B4C24 /* MMQRCode.app */;
			productType = "com.apple.product-type.application";
		};
		DF0361A122E8240F000B4C24 /* MMQRCodeTests */ = {
			isa = PBXNativeTarget;
			buildConfigurationList = DF0361B922E8240F000B4C24 /* Build configuration list for PBXNativeTarget "MMQRCodeTests" */;
			buildPhases = (
				12AA77BC969BCAB345D6DEF6 /* [CP] Check Pods Manifest.lock */,
				DF03619E22E8240F000B4C24 /* Sources */,
				DF03619F22E8240F000B4C24 /* Frameworks */,
				DF0361A022E8240F000B4C24 /* Resources */,
			);
			buildRules = (
			);
			dependencies = (
				DF0361A422E8240F000B4C24 /* PBXTargetDependency */,
			);
			name = MMQRCodeTests;
			productName = MMQRCodeTests;
			productReference = DF0361A222E8240F000B4C24 /* MMQRCodeTests.xctest */;
			productType = "com.apple.product-type.bundle.unit-test";
		};
		DF0361AC22E8240F000B4C24 /* MMQRCodeUITests */ = {
			isa = PBXNativeTarget;
			buildConfigurationList = DF0361BC22E8240F000B4C24 /* Build configuration list for PBXNativeTarget "MMQRCodeUITests" */;
			buildPhases = (
				D8D47E6C2A4EE400460560DC /* [CP] Check Pods Manifest.lock */,
				DF0361A922E8240F000B4C24 /* Sources */,
				DF0361AA22E8240F000B4C24 /* Frameworks */,
				DF0361AB22E8240F000B4C24 /* Resources */,
			);
			buildRules = (
			);
			dependencies = (
				DF0361AF22E8240F000B4C24 /* PBXTargetDependency */,
			);
			name = MMQRCodeUITests;
			productName = MMQRCodeUITests;
			productReference = DF0361AD22E8240F000B4C24 /* MMQRCodeUITests.xctest */;
			productType = "com.apple.product-type.bundle.ui-testing";
		};
/* End PBXNativeTarget section */

/* Begin PBXProject section */
		DF03618622E8240E000B4C24 /* Project object */ = {
			isa = PBXProject;
			attributes = {
				CLASSPREFIX = MQ;
				LastSwiftUpdateCheck = 1020;
				LastUpgradeCheck = 1020;
				ORGANIZATIONNAME = yangjie;
				TargetAttributes = {
					DF03618D22E8240E000B4C24 = {
						CreatedOnToolsVersion = 10.2;
					};
					DF0361A122E8240F000B4C24 = {
						CreatedOnToolsVersion = 10.2;
						TestTargetID = DF03618D22E8240E000B4C24;
					};
					DF0361AC22E8240F000B4C24 = {
						CreatedOnToolsVersion = 10.2;
						TestTargetID = DF03618D22E8240E000B4C24;
					};
				};
			};
			buildConfigurationList = DF03618922E8240E000B4C24 /* Build configuration list for PBXProject "MMQRCode" */;
			compatibilityVersion = "Xcode 9.3";
			developmentRegion = en;
			hasScannedForEncodings = 0;
			knownRegions = (
				en,
				Base,
				"zh-Hant",
			);
			mainGroup = DF03618522E8240E000B4C24;
			productRefGroup = DF03618F22E8240E000B4C24 /* Products */;
			projectDirPath = "";
			projectRoot = "";
			targets = (
				DF03618D22E8240E000B4C24 /* MMQRCode */,
				DF0361A122E8240F000B4C24 /* MMQRCodeTests */,
				DF0361AC22E8240F000B4C24 /* MMQRCodeUITests */,
			);
		};
/* End PBXProject section */

/* Begin PBXResourcesBuildPhase section */
		DF03618C22E8240E000B4C24 /* Resources */ = {
			isa = PBXResourcesBuildPhase;
			buildActionMask = 2147483647;
			files = (
				DFF6B9B122F999DD008423C2 /* MQHistoryTVCell.xib in Resources */,
				DF03619C22E8240F000B4C24 /* LaunchScreen.storyboard in Resources */,
				DF03619922E8240F000B4C24 /* Assets.xcassets in Resources */,
				DF1C8CB22306ABF200A6125A /* MQLoadingView.xib in Resources */,
				DF03619722E8240E000B4C24 /* Main.storyboard in Resources */,
				DF0361DF22E9B9DC000B4C24 /* MQHome.storyboard in Resources */,
				DFF6B9A722F842E9008423C2 /* MQHistoryVC.storyboard in Resources */,
			);
			runOnlyForDeploymentPostprocessing = 0;
		};
		DF0361A022E8240F000B4C24 /* Resources */ = {
			isa = PBXResourcesBuildPhase;
			buildActionMask = 2147483647;
			files = (
			);
			runOnlyForDeploymentPostprocessing = 0;
		};
		DF0361AB22E8240F000B4C24 /* Resources */ = {
			isa = PBXResourcesBuildPhase;
			buildActionMask = 2147483647;
			files = (
			);
			runOnlyForDeploymentPostprocessing = 0;
		};
/* End PBXResourcesBuildPhase section */

/* Begin PBXShellScriptBuildPhase section */
		12AA77BC969BCAB345D6DEF6 /* [CP] Check Pods Manifest.lock */ = {
			isa = PBXShellScriptBuildPhase;
			buildActionMask = 2147483647;
			files = (
			);
			inputFileListPaths = (
			);
			inputPaths = (
				"${PODS_PODFILE_DIR_PATH}/Podfile.lock",
				"${PODS_ROOT}/Manifest.lock",
			);
			name = "[CP] Check Pods Manifest.lock";
			outputFileListPaths = (
			);
			outputPaths = (
				"$(DERIVED_FILE_DIR)/Pods-MMQRCodeTests-checkManifestLockResult.txt",
			);
			runOnlyForDeploymentPostprocessing = 0;
			shellPath = /bin/sh;
			shellScript = "diff \"${PODS_PODFILE_DIR_PATH}/Podfile.lock\" \"${PODS_ROOT}/Manifest.lock\" > /dev/null\nif [ $? != 0 ] ; then\n    # print error to STDERR\n    echo \"error: The sandbox is not in sync with the Podfile.lock. Run 'pod install' or update your CocoaPods installation.\" >&2\n    exit 1\nfi\n# This output is used by Xcode 'outputs' to avoid re-running this script phase.\necho \"SUCCESS\" > \"${SCRIPT_OUTPUT_FILE_0}\"\n";
			showEnvVarsInLog = 0;
		};
		1824F485F7313585C9792FBC /* [CP] Embed Pods Frameworks */ = {
			isa = PBXShellScriptBuildPhase;
			buildActionMask = 2147483647;
			files = (
			);
			inputFileListPaths = (
			);
			inputPaths = (
				"${SRCROOT}/Pods/Target Support Files/Pods-MMQRCode/Pods-MMQRCode-frameworks.sh",
				"${BUILT_PRODUCTS_DIR}/IBAnimatable/IBAnimatable.framework",
				"${BUILT_PRODUCTS_DIR}/SQLite.swift/SQLite.framework",
			);
			name = "[CP] Embed Pods Frameworks";
			outputFileListPaths = (
			);
			outputPaths = (
				"${TARGET_BUILD_DIR}/${FRAMEWORKS_FOLDER_PATH}/IBAnimatable.framework",
				"${TARGET_BUILD_DIR}/${FRAMEWORKS_FOLDER_PATH}/SQLite.framework",
			);
			runOnlyForDeploymentPostprocessing = 0;
			shellPath = /bin/sh;
			shellScript = "\"${SRCROOT}/Pods/Target Support Files/Pods-MMQRCode/Pods-MMQRCode-frameworks.sh\"\n";
			showEnvVarsInLog = 0;
		};
		26703ECC46BF0DF4DCB485AE /* [CP] Check Pods Manifest.lock */ = {
			isa = PBXShellScriptBuildPhase;
			buildActionMask = 2147483647;
			files = (
			);
			inputFileListPaths = (
			);
			inputPaths = (
				"${PODS_PODFILE_DIR_PATH}/Podfile.lock",
				"${PODS_ROOT}/Manifest.lock",
			);
			name = "[CP] Check Pods Manifest.lock";
			outputFileListPaths = (
			);
			outputPaths = (
				"$(DERIVED_FILE_DIR)/Pods-MMQRCode-checkManifestLockResult.txt",
			);
			runOnlyForDeploymentPostprocessing = 0;
			shellPath = /bin/sh;
			shellScript = "diff \"${PODS_PODFILE_DIR_PATH}/Podfile.lock\" \"${PODS_ROOT}/Manifest.lock\" > /dev/null\nif [ $? != 0 ] ; then\n    # print error to STDERR\n    echo \"error: The sandbox is not in sync with the Podfile.lock. Run 'pod install' or update your CocoaPods installation.\" >&2\n    exit 1\nfi\n# This output is used by Xcode 'outputs' to avoid re-running this script phase.\necho \"SUCCESS\" > \"${SCRIPT_OUTPUT_FILE_0}\"\n";
			showEnvVarsInLog = 0;
		};
		D8D47E6C2A4EE400460560DC /* [CP] Check Pods Manifest.lock */ = {
			isa = PBXShellScriptBuildPhase;
			buildActionMask = 2147483647;
			files = (
			);
			inputFileListPaths = (
			);
			inputPaths = (
				"${PODS_PODFILE_DIR_PATH}/Podfile.lock",
				"${PODS_ROOT}/Manifest.lock",
			);
			name = "[CP] Check Pods Manifest.lock";
			outputFileListPaths = (
			);
			outputPaths = (
				"$(DERIVED_FILE_DIR)/Pods-MMQRCodeUITests-checkManifestLockResult.txt",
			);
			runOnlyForDeploymentPostprocessing = 0;
			shellPath = /bin/sh;
			shellScript = "diff \"${PODS_PODFILE_DIR_PATH}/Podfile.lock\" \"${PODS_ROOT}/Manifest.lock\" > /dev/null\nif [ $? != 0 ] ; then\n    # print error to STDERR\n    echo \"error: The sandbox is not in sync with the Podfile.lock. Run 'pod install' or update your CocoaPods installation.\" >&2\n    exit 1\nfi\n# This output is used by Xcode 'outputs' to avoid re-running this script phase.\necho \"SUCCESS\" > \"${SCRIPT_OUTPUT_FILE_0}\"\n";
			showEnvVarsInLog = 0;
		};
/* End PBXShellScriptBuildPhase section */

/* Begin PBXSourcesBuildPhase section */
		DF03618A22E8240E000B4C24 /* Sources */ = {
			isa = PBXSourcesBuildPhase;
			buildActionMask = 2147483647;
			files = (
				DFF6B9AC22F97A2C008423C2 /* MQHistoryModel.swift in Sources */,
				DFF6B9B822FA9BDE008423C2 /* MQScanResultTool.swift in Sources */,
				DF515F6122F40C370012FFFC /* MQRouter.swift in Sources */,
				DFF6B9B322F9A190008423C2 /* NSDate+MM_Extension.swift in Sources */,
				DF0361EE22EADEF6000B4C24 /* UIAlert+Extension.swift in Sources */,
				DF0361DA22E9B987000B4C24 /* MQBaseViewController.swift in Sources */,
				DF0361E922EA9A7D000B4C24 /* UIBarButtonItem+MM_Extension.swift in Sources */,
				DF0361E422E9C0D0000B4C24 /* MQConstant.swift in Sources */,
				DF1C8BAC2303BE8C00A6125A /* MQScanClickView.swift in Sources */,
				DFF6B9A222F7D8B2008423C2 /* DispatchTime+MM_Extension.swift in Sources */,
				DF47EED022EEE7CB006EA435 /* UIViewController+Extension.swift in Sources */,
				DFF6B9AA22F9740A008423C2 /* MQHistoryViewModel.swift in Sources */,
				DF0361DD22E9B9B2000B4C24 /* MQHomeVC.swift in Sources */,
				DF2DA56522FD4E57009AFB3A /* MQThroughScrollView.swift in Sources */,
				DF1C8BB12303E98D00A6125A /* MQHomeTransitionAnimated.swift in Sources */,
				DF0361D722E9B5E0000B4C24 /* MQBaseNavigationViewController.swift in Sources */,
				DF0361E222E9BC34000B4C24 /* MQImageLabelCVCell.swift in Sources */,
				DF1C8BDF23056AB400A6125A /* UIImage+MM_Extension.swift in Sources */,
				DF1C8BDC230532E700A6125A /* MQShowQRCodeVC.swift in Sources */,
				DF1C8BB42304253000A6125A /* MQAuthorization.swift in Sources */,
				DF47EED222EEEEEF006EA435 /* MQScanResultVC.swift in Sources */,
				DFF6B9B622FA7534008423C2 /* MQDBManager.swift in Sources */,
				DF0361D522E9B511000B4C24 /* MQTabbarController.swift in Sources */,
				DF0361F022EB1BC5000B4C24 /* MQScanMarkView.swift in Sources */,
				DF0361C522E82531000B4C24 /* UIKit+Extension.swift in Sources */,
				DF1C8CB02306ABE300A6125A /* MQLoadingView.swift in Sources */,
				DF1C8BDA23052EF600A6125A /* MQGenerateTool.swift in Sources */,
				DF47EED622EF0C0C006EA435 /* MQScanTool.swift in Sources */,
				DF515F5E22F403F70012FFFC /* MQWKWebCV.swift in Sources */,
				DF1C8CB72306C31B00A6125A /* MQFileManager.swift in Sources */,
				DF03619222E8240E000B4C24 /* AppDelegate.swift in Sources */,
				DF0361E722EA9894000B4C24 /* MQScanHomeVC.swift in Sources */,
				DF515F6422F45BF40012FFFC /* MQToastView.swift in Sources */,
				DF1C8BD82305282100A6125A /* MQGenerateInputVC.swift in Sources */,
				DFF6B9A022F7D126008423C2 /* UIView+Extension.swift in Sources */,
				B49D173D230D838900AFAFDA /* MQHomeAnimateView.swift in Sources */,
				DFF6B9B022F999DD008423C2 /* MQHistoryTVCell.swift in Sources */,
				DF0361C622E82531000B4C24 /* UIColor+MM_Extension.swift in Sources */,
				DFF6B9A522F83D18008423C2 /* MQHistoryVC.swift in Sources */,
				DF1C8BAF2303E95B00A6125A /* MQHomeTransitionManager.swift in Sources */,
			);
			runOnlyForDeploymentPostprocessing = 0;
		};
		DF03619E22E8240F000B4C24 /* Sources */ = {
			isa = PBXSourcesBuildPhase;
			buildActionMask = 2147483647;
			files = (
				DF0361A722E8240F000B4C24 /* MMQRCodeTests.swift in Sources */,
			);
			runOnlyForDeploymentPostprocessing = 0;
		};
		DF0361A922E8240F000B4C24 /* Sources */ = {
			isa = PBXSourcesBuildPhase;
			buildActionMask = 2147483647;
			files = (
				DF0361B222E8240F000B4C24 /* MMQRCodeUITests.swift in Sources */,
			);
			runOnlyForDeploymentPostprocessing = 0;
		};
/* End PBXSourcesBuildPhase section */

/* Begin PBXTargetDependency section */
		DF0361A422E8240F000B4C24 /* PBXTargetDependency */ = {
			isa = PBXTargetDependency;
			target = DF03618D22E8240E000B4C24 /* MMQRCode */;
			targetProxy = DF0361A322E8240F000B4C24 /* PBXContainerItemProxy */;
		};
		DF0361AF22E8240F000B4C24 /* PBXTargetDependency */ = {
			isa = PBXTargetDependency;
			target = DF03618D22E8240E000B4C24 /* MMQRCode */;
			targetProxy = DF0361AE22E8240F000B4C24 /* PBXContainerItemProxy */;
		};
/* End PBXTargetDependency section */

/* Begin PBXVariantGroup section */
		DF03619522E8240E000B4C24 /* Main.storyboard */ = {
			isa = PBXVariantGroup;
			children = (
				DF03619622E8240E000B4C24 /* Base */,
				DF34922F2302A03B00F9914F /* zh-Hant */,
			);
			name = Main.storyboard;
			sourceTree = "<group>";
		};
		DF03619A22E8240F000B4C24 /* LaunchScreen.storyboard */ = {
			isa = PBXVariantGroup;
			children = (
				DF03619B22E8240F000B4C24 /* Base */,
				DF3492302302A03B00F9914F /* zh-Hant */,
			);
			name = LaunchScreen.storyboard;
			sourceTree = "<group>";
		};
/* End PBXVariantGroup section */

/* Begin XCBuildConfiguration section */
		DF0361B422E8240F000B4C24 /* Debug */ = {
			isa = XCBuildConfiguration;
			buildSettings = {
				ALWAYS_SEARCH_USER_PATHS = NO;
				CLANG_ANALYZER_LOCALIZABILITY_NONLOCALIZED = YES;
				CLANG_ANALYZER_NONNULL = YES;
				CLANG_ANALYZER_NUMBER_OBJECT_CONVERSION = YES_AGGRESSIVE;
				CLANG_CXX_LANGUAGE_STANDARD = "gnu++14";
				CLANG_CXX_LIBRARY = "libc++";
				CLANG_ENABLE_MODULES = YES;
				CLANG_ENABLE_OBJC_ARC = YES;
				CLANG_ENABLE_OBJC_WEAK = YES;
				CLANG_WARN_BLOCK_CAPTURE_AUTORELEASING = YES;
				CLANG_WARN_BOOL_CONVERSION = YES;
				CLANG_WARN_COMMA = YES;
				CLANG_WARN_CONSTANT_CONVERSION = YES;
				CLANG_WARN_DEPRECATED_OBJC_IMPLEMENTATIONS = YES;
				CLANG_WARN_DIRECT_OBJC_ISA_USAGE = YES_ERROR;
				CLANG_WARN_DOCUMENTATION_COMMENTS = YES;
				CLANG_WARN_EMPTY_BODY = YES;
				CLANG_WARN_ENUM_CONVERSION = YES;
				CLANG_WARN_INFINITE_RECURSION = YES;
				CLANG_WARN_INT_CONVERSION = YES;
				CLANG_WARN_NON_LITERAL_NULL_CONVERSION = YES;
				CLANG_WARN_OBJC_IMPLICIT_RETAIN_SELF = YES;
				CLANG_WARN_OBJC_LITERAL_CONVERSION = YES;
				CLANG_WARN_OBJC_ROOT_CLASS = YES_ERROR;
				CLANG_WARN_RANGE_LOOP_ANALYSIS = YES;
				CLANG_WARN_STRICT_PROTOTYPES = YES;
				CLANG_WARN_SUSPICIOUS_MOVE = YES;
				CLANG_WARN_UNGUARDED_AVAILABILITY = YES_AGGRESSIVE;
				CLANG_WARN_UNREACHABLE_CODE = YES;
				CLANG_WARN__DUPLICATE_METHOD_MATCH = YES;
				CODE_SIGN_IDENTITY = "iPhone Developer";
				COPY_PHASE_STRIP = NO;
				DEBUG_INFORMATION_FORMAT = dwarf;
				ENABLE_STRICT_OBJC_MSGSEND = YES;
				ENABLE_TESTABILITY = YES;
				GCC_C_LANGUAGE_STANDARD = gnu11;
				GCC_DYNAMIC_NO_PIC = NO;
				GCC_NO_COMMON_BLOCKS = YES;
				GCC_OPTIMIZATION_LEVEL = 0;
				GCC_PREPROCESSOR_DEFINITIONS = (
					"DEBUG=1",
					"$(inherited)",
				);
				GCC_WARN_64_TO_32_BIT_CONVERSION = YES;
				GCC_WARN_ABOUT_RETURN_TYPE = YES_ERROR;
				GCC_WARN_UNDECLARED_SELECTOR = YES;
				GCC_WARN_UNINITIALIZED_AUTOS = YES_AGGRESSIVE;
				GCC_WARN_UNUSED_FUNCTION = YES;
				GCC_WARN_UNUSED_VARIABLE = YES;
				IPHONEOS_DEPLOYMENT_TARGET = 10.0;
				MTL_ENABLE_DEBUG_INFO = INCLUDE_SOURCE;
				MTL_FAST_MATH = YES;
				ONLY_ACTIVE_ARCH = YES;
				SDKROOT = iphoneos;
				SWIFT_ACTIVE_COMPILATION_CONDITIONS = DEBUG;
				SWIFT_OPTIMIZATION_LEVEL = "-Onone";
			};
			name = Debug;
		};
		DF0361B522E8240F000B4C24 /* Release */ = {
			isa = XCBuildConfiguration;
			buildSettings = {
				ALWAYS_SEARCH_USER_PATHS = NO;
				CLANG_ANALYZER_LOCALIZABILITY_NONLOCALIZED = YES;
				CLANG_ANALYZER_NONNULL = YES;
				CLANG_ANALYZER_NUMBER_OBJECT_CONVERSION = YES_AGGRESSIVE;
				CLANG_CXX_LANGUAGE_STANDARD = "gnu++14";
				CLANG_CXX_LIBRARY = "libc++";
				CLANG_ENABLE_MODULES = YES;
				CLANG_ENABLE_OBJC_ARC = YES;
				CLANG_ENABLE_OBJC_WEAK = YES;
				CLANG_WARN_BLOCK_CAPTURE_AUTORELEASING = YES;
				CLANG_WARN_BOOL_CONVERSION = YES;
				CLANG_WARN_COMMA = YES;
				CLANG_WARN_CONSTANT_CONVERSION = YES;
				CLANG_WARN_DEPRECATED_OBJC_IMPLEMENTATIONS = YES;
				CLANG_WARN_DIRECT_OBJC_ISA_USAGE = YES_ERROR;
				CLANG_WARN_DOCUMENTATION_COMMENTS = YES;
				CLANG_WARN_EMPTY_BODY = YES;
				CLANG_WARN_ENUM_CONVERSION = YES;
				CLANG_WARN_INFINITE_RECURSION = YES;
				CLANG_WARN_INT_CONVERSION = YES;
				CLANG_WARN_NON_LITERAL_NULL_CONVERSION = YES;
				CLANG_WARN_OBJC_IMPLICIT_RETAIN_SELF = YES;
				CLANG_WARN_OBJC_LITERAL_CONVERSION = YES;
				CLANG_WARN_OBJC_ROOT_CLASS = YES_ERROR;
				CLANG_WARN_RANGE_LOOP_ANALYSIS = YES;
				CLANG_WARN_STRICT_PROTOTYPES = YES;
				CLANG_WARN_SUSPICIOUS_MOVE = YES;
				CLANG_WARN_UNGUARDED_AVAILABILITY = YES_AGGRESSIVE;
				CLANG_WARN_UNREACHABLE_CODE = YES;
				CLANG_WARN__DUPLICATE_METHOD_MATCH = YES;
				CODE_SIGN_IDENTITY = "iPhone Developer";
				COPY_PHASE_STRIP = NO;
				DEBUG_INFORMATION_FORMAT = "dwarf-with-dsym";
				ENABLE_NS_ASSERTIONS = NO;
				ENABLE_STRICT_OBJC_MSGSEND = YES;
				GCC_C_LANGUAGE_STANDARD = gnu11;
				GCC_NO_COMMON_BLOCKS = YES;
				GCC_WARN_64_TO_32_BIT_CONVERSION = YES;
				GCC_WARN_ABOUT_RETURN_TYPE = YES_ERROR;
				GCC_WARN_UNDECLARED_SELECTOR = YES;
				GCC_WARN_UNINITIALIZED_AUTOS = YES_AGGRESSIVE;
				GCC_WARN_UNUSED_FUNCTION = YES;
				GCC_WARN_UNUSED_VARIABLE = YES;
				IPHONEOS_DEPLOYMENT_TARGET = 10.0;
				MTL_ENABLE_DEBUG_INFO = NO;
				MTL_FAST_MATH = YES;
				SDKROOT = iphoneos;
				SWIFT_COMPILATION_MODE = wholemodule;
				SWIFT_OPTIMIZATION_LEVEL = "-O";
				VALIDATE_PRODUCT = YES;
			};
			name = Release;
		};
		DF0361B722E8240F000B4C24 /* Debug */ = {
			isa = XCBuildConfiguration;
			baseConfigurationReference = 266365048CA0FCA0E6E761EB /* Pods-MMQRCode.debug.xcconfig */;
			buildSettings = {
				ASSETCATALOG_COMPILER_APPICON_NAME = AppIcon;
				CODE_SIGN_STYLE = Automatic;
				DEVELOPMENT_TEAM = 93ZZP65JJM;
				INFOPLIST_FILE = MMQRCode/Info.plist;
				IPHONEOS_DEPLOYMENT_TARGET = 9.0;
				LD_RUNPATH_SEARCH_PATHS = (
					"$(inherited)",
					"@executable_path/Frameworks",
				);
				PRODUCT_BUNDLE_IDENTIFIER = com.cangbaopai.mumu.test;
				PRODUCT_NAME = "$(TARGET_NAME)";
				SWIFT_VERSION = 5.0;
				TARGETED_DEVICE_FAMILY = 1;
			};
			name = Debug;
		};
		DF0361B822E8240F000B4C24 /* Release */ = {
			isa = XCBuildConfiguration;
			baseConfigurationReference = 4FD31B687E25FA1787DC723A /* Pods-MMQRCode.release.xcconfig */;
			buildSettings = {
				ASSETCATALOG_COMPILER_APPICON_NAME = AppIcon;
				CODE_SIGN_STYLE = Automatic;
				DEVELOPMENT_TEAM = 93ZZP65JJM;
				INFOPLIST_FILE = MMQRCode/Info.plist;
				IPHONEOS_DEPLOYMENT_TARGET = 9.0;
				LD_RUNPATH_SEARCH_PATHS = (
					"$(inherited)",
					"@executable_path/Frameworks",
				);
				PRODUCT_BUNDLE_IDENTIFIER = com.cangbaopai.mumu.test;
				PRODUCT_NAME = "$(TARGET_NAME)";
				SWIFT_VERSION = 5.0;
				TARGETED_DEVICE_FAMILY = 1;
			};
			name = Release;
		};
		DF0361BA22E8240F000B4C24 /* Debug */ = {
			isa = XCBuildConfiguration;
			baseConfigurationReference = ED8612A8D85CB862A6B1D9BB /* Pods-MMQRCodeTests.debug.xcconfig */;
			buildSettings = {
				ALWAYS_EMBED_SWIFT_STANDARD_LIBRARIES = YES;
				BUNDLE_LOADER = "$(TEST_HOST)";
				CODE_SIGN_STYLE = Automatic;
				INFOPLIST_FILE = MMQRCodeTests/Info.plist;
				LD_RUNPATH_SEARCH_PATHS = (
					"$(inherited)",
					"@executable_path/Frameworks",
					"@loader_path/Frameworks",
				);
				PRODUCT_BUNDLE_IDENTIFIER = com.mumu.MMQRCode.MMQRCodeTests;
				PRODUCT_NAME = "$(TARGET_NAME)";
				SWIFT_VERSION = 5.0;
				TARGETED_DEVICE_FAMILY = "1,2";
				TEST_HOST = "$(BUILT_PRODUCTS_DIR)/MMQRCode.app/MMQRCode";
			};
			name = Debug;
		};
		DF0361BB22E8240F000B4C24 /* Release */ = {
			isa = XCBuildConfiguration;
			baseConfigurationReference = C82C56921FE65A0A80E0449D /* Pods-MMQRCodeTests.release.xcconfig */;
			buildSettings = {
				ALWAYS_EMBED_SWIFT_STANDARD_LIBRARIES = YES;
				BUNDLE_LOADER = "$(TEST_HOST)";
				CODE_SIGN_STYLE = Automatic;
				INFOPLIST_FILE = MMQRCodeTests/Info.plist;
				LD_RUNPATH_SEARCH_PATHS = (
					"$(inherited)",
					"@executable_path/Frameworks",
					"@loader_path/Frameworks",
				);
				PRODUCT_BUNDLE_IDENTIFIER = com.mumu.MMQRCode.MMQRCodeTests;
				PRODUCT_NAME = "$(TARGET_NAME)";
				SWIFT_VERSION = 5.0;
				TARGETED_DEVICE_FAMILY = "1,2";
				TEST_HOST = "$(BUILT_PRODUCTS_DIR)/MMQRCode.app/MMQRCode";
			};
			name = Release;
		};
		DF0361BD22E8240F000B4C24 /* Debug */ = {
			isa = XCBuildConfiguration;
			baseConfigurationReference = DD9E4483A6A7741F614E6138 /* Pods-MMQRCodeUITests.debug.xcconfig */;
			buildSettings = {
				ALWAYS_EMBED_SWIFT_STANDARD_LIBRARIES = YES;
				CODE_SIGN_STYLE = Automatic;
				INFOPLIST_FILE = MMQRCodeUITests/Info.plist;
				LD_RUNPATH_SEARCH_PATHS = (
					"$(inherited)",
					"@executable_path/Frameworks",
					"@loader_path/Frameworks",
				);
				PRODUCT_BUNDLE_IDENTIFIER = com.mumu.MMQRCode.MMQRCodeUITests;
				PRODUCT_NAME = "$(TARGET_NAME)";
				SWIFT_VERSION = 5.0;
				TARGETED_DEVICE_FAMILY = "1,2";
				TEST_TARGET_NAME = MMQRCode;
			};
			name = Debug;
		};
		DF0361BE22E8240F000B4C24 /* Release */ = {
			isa = XCBuildConfiguration;
			baseConfigurationReference = D98646CCAAB331BE0B78A9E7 /* Pods-MMQRCodeUITests.release.xcconfig */;
			buildSettings = {
				ALWAYS_EMBED_SWIFT_STANDARD_LIBRARIES = YES;
				CODE_SIGN_STYLE = Automatic;
				INFOPLIST_FILE = MMQRCodeUITests/Info.plist;
				LD_RUNPATH_SEARCH_PATHS = (
					"$(inherited)",
					"@executable_path/Frameworks",
					"@loader_path/Frameworks",
				);
				PRODUCT_BUNDLE_IDENTIFIER = com.mumu.MMQRCode.MMQRCodeUITests;
				PRODUCT_NAME = "$(TARGET_NAME)";
				SWIFT_VERSION = 5.0;
				TARGETED_DEVICE_FAMILY = "1,2";
				TEST_TARGET_NAME = MMQRCode;
			};
			name = Release;
		};
/* End XCBuildConfiguration section */

/* Begin XCConfigurationList section */
		DF03618922E8240E000B4C24 /* Build configuration list for PBXProject "MMQRCode" */ = {
			isa = XCConfigurationList;
			buildConfigurations = (
				DF0361B422E8240F000B4C24 /* Debug */,
				DF0361B522E8240F000B4C24 /* Release */,
			);
			defaultConfigurationIsVisible = 0;
			defaultConfigurationName = Release;
		};
		DF0361B622E8240F000B4C24 /* Build configuration list for PBXNativeTarget "MMQRCode" */ = {
			isa = XCConfigurationList;
			buildConfigurations = (
				DF0361B722E8240F000B4C24 /* Debug */,
				DF0361B822E8240F000B4C24 /* Release */,
			);
			defaultConfigurationIsVisible = 0;
			defaultConfigurationName = Release;
		};
		DF0361B922E8240F000B4C24 /* Build configuration list for PBXNativeTarget "MMQRCodeTests" */ = {
			isa = XCConfigurationList;
			buildConfigurations = (
				DF0361BA22E8240F000B4C24 /* Debug */,
				DF0361BB22E8240F000B4C24 /* Release */,
			);
			defaultConfigurationIsVisible = 0;
			defaultConfigurationName = Release;
		};
		DF0361BC22E8240F000B4C24 /* Build configuration list for PBXNativeTarget "MMQRCodeUITests" */ = {
			isa = XCConfigurationList;
			buildConfigurations = (
				DF0361BD22E8240F000B4C24 /* Debug */,
				DF0361BE22E8240F000B4C24 /* Release */,
			);
			defaultConfigurationIsVisible = 0;
			defaultConfigurationName = Release;
		};
/* End XCConfigurationList section */
	};
	rootObject = DF03618622E8240E000B4C24 /* Project object */;
}
